
Microsoft Visual Studio Solution File, Format Version 12.00
# Visual Studio Version 17
VisualStudioVersion = 17.8.34309.116
MinimumVisualStudioVersion = 10.0.40219.1
Project("{9A19103F-16F7-4668-BE54-9A1E7A4F7556}") = "ToDo.Domain", "ToDo.Domain\ToDo.Domain.csproj", "{A72E7C30-64B1-4820-81E5-9F2C10B61500}"
EndProject
Project("{9A19103F-16F7-4668-BE54-9A1E7A4F7556}") = "ToDo.Extensions", "ToDo.Extensions\ToDo.Extensions.csproj", "{8AC0E439-A76A-4F37-BA4D-04C16C5B92A9}"
EndProject
Project("{2150E333-8FDC-42A3-9474-1A3956D46DE8}") = "ToDo.Microservices", "ToDo.Microservices", "{FC1EECDF-07F8-4048-8593-4EE460EF9D4D}"
EndProject
Project("{2150E333-8FDC-42A3-9474-1A3956D46DE8}") = "ToDo.Microservices.Identity", "ToDo.Microservices.Identity", "{8F3AE2CF-C626-41C8-9D33-B78F01F522B2}"
EndProject
Project("{9A19103F-16F7-4668-BE54-9A1E7A4F7556}") = "ToDo.Microservices.Identity.API", "ToDo.Microservices\ToDo.Microservices.Identity\ToDo.Microservices.Identity.API\ToDo.Microservices.Identity.API.csproj", "{116DAD23-818C-4559-88E6-635333E27540}"
EndProject
Project("{9A19103F-16F7-4668-BE54-9A1E7A4F7556}") = "ToDo.Microservices.Identity.Database", "ToDo.Microservices\ToDo.Microservices.Identity\ToDo.Microservices.Identity.Database\ToDo.Microservices.Identity.Database.csproj", "{EFFD52F3-666F-4D35-A96C-93E4D5AFD2BB}"
EndProject
Project("{9A19103F-16F7-4668-BE54-9A1E7A4F7556}") = "ToDo.Microservices.Identity.Domain", "ToDo.Microservices\ToDo.Microservices.Identity\ToDo.Microservices.Identity.Domain\ToDo.Microservices.Identity.Domain.csproj", "{F8166A1C-5E2D-4BA3-B97D-BDE23A56642F}"
EndProject
Project("{9A19103F-16F7-4668-BE54-9A1E7A4F7556}") = "ToDo.Microservices.Identity.Infrastructure", "ToDo.Microservices\ToDo.Microservices.Identity\ToDo.Microservices.Identity.Infrastructure\ToDo.Microservices.Identity.Infrastructure.csproj", "{43B8609D-5F6F-4817-AE4C-25F23CD32D6A}"
EndProject
Project("{9A19103F-16F7-4668-BE54-9A1E7A4F7556}") = "ToDo.Microservices.Identity.UseCases", "ToDo.Microservices\ToDo.Microservices.Identity\ToDo.Microservices.Identity.UseCases\ToDo.Microservices.Identity.UseCases.csproj", "{772631E1-2C13-4F66-A2A3-A6374107595B}"
EndProject
Project("{2150E333-8FDC-42A3-9474-1A3956D46DE8}") = "ToDo.Microservices.Entries", "ToDo.Microservices.Entries", "{47E8ED24-5D3C-42DA-9706-E29DE7551695}"
EndProject
Project("{9A19103F-16F7-4668-BE54-9A1E7A4F7556}") = "ToDo.Microservices.Entries.API", "ToDo.Microservices\ToDo.Microservices.Entries\ToDo.Microservices.Entries.API\ToDo.Microservices.Entries.API.csproj", "{A4A7EBA9-CBFF-42E1-8492-F26F20C89BD3}"
EndProject
Project("{9A19103F-16F7-4668-BE54-9A1E7A4F7556}") = "ToDo.Microservices.Middleware", "ToDo.Microservices\ToDo.Microservices.Middleware\ToDo.Microservices.Middleware.csproj", "{EBBDB70C-F092-4F14-843E-0C7EE2BD7683}"
EndProject
Project("{9A19103F-16F7-4668-BE54-9A1E7A4F7556}") = "ToDo.Microservices.Entries.Domain", "ToDo.Microservices\ToDo.Microservices.Entries\ToDo.Microservices.Entries.Domain\ToDo.Microservices.Entries.Domain.csproj", "{A3581A00-EBC0-4BC6-9E74-DA907392ADB7}"
EndProject
Project("{9A19103F-16F7-4668-BE54-9A1E7A4F7556}") = "ToDo.Microservices.Entries.UseCases", "ToDo.Microservices\ToDo.Microservices.Entries\ToDo.Microservices.Entries.UseCases\ToDo.Microservices.Entries.UseCases.csproj", "{6E7298F3-089D-4A57-9D21-FDAB482715B0}"
EndProject
Project("{9A19103F-16F7-4668-BE54-9A1E7A4F7556}") = "ToDo.Microservices.Entries.Database", "ToDo.Microservices\ToDo.Microservices.Entries\ToDo.Microservices.Entries.Database\ToDo.Microservices.Entries.Database.csproj", "{C1E50BD4-FA93-4BAA-B642-357D72E0F6BA}"
EndProject
Project("{9A19103F-16F7-4668-BE54-9A1E7A4F7556}") = "ToDo.Microservices.Entries.Infrastructure", "ToDo.Microservices\ToDo.Microservices.Entries\ToDo.Microservices.Entries.Infrastructure\ToDo.Microservices.Entries.Infrastructure.csproj", "{C633B676-12C7-4FC9-99DC-68DC90D21AD6}"
EndProject
Project("{9A19103F-16F7-4668-BE54-9A1E7A4F7556}") = "ToDo.Microservices.Entries.Querers", "ToDo.Microservices\ToDo.Microservices.Entries\ToDo.Microservices.Entries.Querers\ToDo.Microservices.Entries.Querers.csproj", "{530C4949-C53D-4538-9E7C-6467CC565173}"
EndProject
Project("{2150E333-8FDC-42A3-9474-1A3956D46DE8}") = "ToDo.Microservices.Categories", "ToDo.Microservices.Categories", "{3B127112-E8A2-48A4-A7A6-EAFA478D9284}"
EndProject
Project("{9A19103F-16F7-4668-BE54-9A1E7A4F7556}") = "ToDo.Microservices.Categories.Domain", "ToDo.Microservices\ToDo.Microservices.Categories\ToDo.Microservices.Categories.Domain\ToDo.Microservices.Categories.Domain.csproj", "{6B5F46BD-9EC8-428E-9F7F-11292E39596B}"
EndProject
Project("{9A19103F-16F7-4668-BE54-9A1E7A4F7556}") = "ToDo.Microservices.Categories.UseCases", "ToDo.Microservices\ToDo.Microservices.Categories\ToDo.Microservices.Categories.UseCases\ToDo.Microservices.Categories.UseCases.csproj", "{5F6C873B-B66C-4B61-B167-0C4391655AC4}"
EndProject
Project("{9A19103F-16F7-4668-BE54-9A1E7A4F7556}") = "ToDo.Microservices.Categories.Infrastructure", "ToDo.Microservices\ToDo.Microservices.Categories\ToDo.Microservices.Categories.Infrastructure\ToDo.Microservices.Categories.Infrastructure.csproj", "{07B26109-61AC-4D3F-BEEF-272B78DE4B65}"
EndProject
Project("{9A19103F-16F7-4668-BE54-9A1E7A4F7556}") = "ToDo.Microservices.Categories.Database", "ToDo.Microservices\ToDo.Microservices.Categories\ToDo.Microservices.Categories.Database\ToDo.Microservices.Categories.Database.csproj", "{25993286-FD99-4261-802B-C5BBED602449}"
EndProject
Project("{9A19103F-16F7-4668-BE54-9A1E7A4F7556}") = "ToDo.Microservices.Categories.API", "ToDo.Microservices\ToDo.Microservices.Categories\ToDo.Microservices.Categories.API\ToDo.Microservices.Categories.API.csproj", "{60CE0D11-18F8-46A1-9185-7BAFEE9A405D}"
EndProject
Project("{2150E333-8FDC-42A3-9474-1A3956D46DE8}") = "ToDo.MQ", "ToDo.MQ", "{2701A3B5-1696-409D-A0E1-DD4497BBD2D1}"
EndProject
Project("{FAE04EC0-301F-11D3-BF4B-00C04F79EFBC}") = "ToDo.MQ.Abstractions", "ToDo.MQ\ToDo.MQ.Abstractions\ToDo.MQ.Abstractions.csproj", "{8EEB371C-BF6A-4D1A-AEEC-3842A3046ACF}"
EndProject
Project("{FAE04EC0-301F-11D3-BF4B-00C04F79EFBC}") = "ToDo.MQ.RabbitMQ", "ToDo.MQ\ToDo.MQ.RabbitMQ\ToDo.MQ.RabbitMQ.csproj", "{9287D03E-032C-4E72-B8CF-4104FF9D5EA4}"
EndProject
Project("{FAE04EC0-301F-11D3-BF4B-00C04F79EFBC}") = "ToDo.Microservices.MQ", "ToDo.Microservices\ToDo.Microservices.MQ\ToDo.Microservices.MQ.csproj", "{43681049-895C-41A6-BF7A-561C72D2BCBC}"
EndProject
Global
	GlobalSection(SolutionConfigurationPlatforms) = preSolution
		Debug|Any CPU = Debug|Any CPU
		Release|Any CPU = Release|Any CPU
	EndGlobalSection
	GlobalSection(ProjectConfigurationPlatforms) = postSolution
		{A72E7C30-64B1-4820-81E5-9F2C10B61500}.Debug|Any CPU.ActiveCfg = Debug|Any CPU
		{A72E7C30-64B1-4820-81E5-9F2C10B61500}.Debug|Any CPU.Build.0 = Debug|Any CPU
		{A72E7C30-64B1-4820-81E5-9F2C10B61500}.Release|Any CPU.ActiveCfg = Release|Any CPU
		{A72E7C30-64B1-4820-81E5-9F2C10B61500}.Release|Any CPU.Build.0 = Release|Any CPU
		{8AC0E439-A76A-4F37-BA4D-04C16C5B92A9}.Debug|Any CPU.ActiveCfg = Debug|Any CPU
		{8AC0E439-A76A-4F37-BA4D-04C16C5B92A9}.Debug|Any CPU.Build.0 = Debug|Any CPU
		{8AC0E439-A76A-4F37-BA4D-04C16C5B92A9}.Release|Any CPU.ActiveCfg = Release|Any CPU
		{8AC0E439-A76A-4F37-BA4D-04C16C5B92A9}.Release|Any CPU.Build.0 = Release|Any CPU
		{116DAD23-818C-4559-88E6-635333E27540}.Debug|Any CPU.ActiveCfg = Debug|Any CPU
		{116DAD23-818C-4559-88E6-635333E27540}.Debug|Any CPU.Build.0 = Debug|Any CPU
		{116DAD23-818C-4559-88E6-635333E27540}.Release|Any CPU.ActiveCfg = Release|Any CPU
		{116DAD23-818C-4559-88E6-635333E27540}.Release|Any CPU.Build.0 = Release|Any CPU
		{EFFD52F3-666F-4D35-A96C-93E4D5AFD2BB}.Debug|Any CPU.ActiveCfg = Debug|Any CPU
		{EFFD52F3-666F-4D35-A96C-93E4D5AFD2BB}.Debug|Any CPU.Build.0 = Debug|Any CPU
		{EFFD52F3-666F-4D35-A96C-93E4D5AFD2BB}.Release|Any CPU.ActiveCfg = Release|Any CPU
		{EFFD52F3-666F-4D35-A96C-93E4D5AFD2BB}.Release|Any CPU.Build.0 = Release|Any CPU
		{F8166A1C-5E2D-4BA3-B97D-BDE23A56642F}.Debug|Any CPU.ActiveCfg = Debug|Any CPU
		{F8166A1C-5E2D-4BA3-B97D-BDE23A56642F}.Debug|Any CPU.Build.0 = Debug|Any CPU
		{F8166A1C-5E2D-4BA3-B97D-BDE23A56642F}.Release|Any CPU.ActiveCfg = Release|Any CPU
		{F8166A1C-5E2D-4BA3-B97D-BDE23A56642F}.Release|Any CPU.Build.0 = Release|Any CPU
		{43B8609D-5F6F-4817-AE4C-25F23CD32D6A}.Debug|Any CPU.ActiveCfg = Debug|Any CPU
		{43B8609D-5F6F-4817-AE4C-25F23CD32D6A}.Debug|Any CPU.Build.0 = Debug|Any CPU
		{43B8609D-5F6F-4817-AE4C-25F23CD32D6A}.Release|Any CPU.ActiveCfg = Release|Any CPU
		{43B8609D-5F6F-4817-AE4C-25F23CD32D6A}.Release|Any CPU.Build.0 = Release|Any CPU
		{772631E1-2C13-4F66-A2A3-A6374107595B}.Debug|Any CPU.ActiveCfg = Debug|Any CPU
		{772631E1-2C13-4F66-A2A3-A6374107595B}.Debug|Any CPU.Build.0 = Debug|Any CPU
		{772631E1-2C13-4F66-A2A3-A6374107595B}.Release|Any CPU.ActiveCfg = Release|Any CPU
		{772631E1-2C13-4F66-A2A3-A6374107595B}.Release|Any CPU.Build.0 = Release|Any CPU
		{A4A7EBA9-CBFF-42E1-8492-F26F20C89BD3}.Debug|Any CPU.ActiveCfg = Debug|Any CPU
		{A4A7EBA9-CBFF-42E1-8492-F26F20C89BD3}.Debug|Any CPU.Build.0 = Debug|Any CPU
		{A4A7EBA9-CBFF-42E1-8492-F26F20C89BD3}.Release|Any CPU.ActiveCfg = Release|Any CPU
		{A4A7EBA9-CBFF-42E1-8492-F26F20C89BD3}.Release|Any CPU.Build.0 = Release|Any CPU
		{EBBDB70C-F092-4F14-843E-0C7EE2BD7683}.Debug|Any CPU.ActiveCfg = Debug|Any CPU
		{EBBDB70C-F092-4F14-843E-0C7EE2BD7683}.Debug|Any CPU.Build.0 = Debug|Any CPU
		{EBBDB70C-F092-4F14-843E-0C7EE2BD7683}.Release|Any CPU.ActiveCfg = Release|Any CPU
		{EBBDB70C-F092-4F14-843E-0C7EE2BD7683}.Release|Any CPU.Build.0 = Release|Any CPU
		{A3581A00-EBC0-4BC6-9E74-DA907392ADB7}.Debug|Any CPU.ActiveCfg = Debug|Any CPU
		{A3581A00-EBC0-4BC6-9E74-DA907392ADB7}.Debug|Any CPU.Build.0 = Debug|Any CPU
		{A3581A00-EBC0-4BC6-9E74-DA907392ADB7}.Release|Any CPU.ActiveCfg = Release|Any CPU
		{A3581A00-EBC0-4BC6-9E74-DA907392ADB7}.Release|Any CPU.Build.0 = Release|Any CPU
		{6E7298F3-089D-4A57-9D21-FDAB482715B0}.Debug|Any CPU.ActiveCfg = Debug|Any CPU
		{6E7298F3-089D-4A57-9D21-FDAB482715B0}.Debug|Any CPU.Build.0 = Debug|Any CPU
		{6E7298F3-089D-4A57-9D21-FDAB482715B0}.Release|Any CPU.ActiveCfg = Release|Any CPU
		{6E7298F3-089D-4A57-9D21-FDAB482715B0}.Release|Any CPU.Build.0 = Release|Any CPU
		{C1E50BD4-FA93-4BAA-B642-357D72E0F6BA}.Debug|Any CPU.ActiveCfg = Debug|Any CPU
		{C1E50BD4-FA93-4BAA-B642-357D72E0F6BA}.Debug|Any CPU.Build.0 = Debug|Any CPU
		{C1E50BD4-FA93-4BAA-B642-357D72E0F6BA}.Release|Any CPU.ActiveCfg = Release|Any CPU
		{C1E50BD4-FA93-4BAA-B642-357D72E0F6BA}.Release|Any CPU.Build.0 = Release|Any CPU
		{C633B676-12C7-4FC9-99DC-68DC90D21AD6}.Debug|Any CPU.ActiveCfg = Debug|Any CPU
		{C633B676-12C7-4FC9-99DC-68DC90D21AD6}.Debug|Any CPU.Build.0 = Debug|Any CPU
		{C633B676-12C7-4FC9-99DC-68DC90D21AD6}.Release|Any CPU.ActiveCfg = Release|Any CPU
		{C633B676-12C7-4FC9-99DC-68DC90D21AD6}.Release|Any CPU.Build.0 = Release|Any CPU
		{530C4949-C53D-4538-9E7C-6467CC565173}.Debug|Any CPU.ActiveCfg = Debug|Any CPU
		{530C4949-C53D-4538-9E7C-6467CC565173}.Debug|Any CPU.Build.0 = Debug|Any CPU
		{530C4949-C53D-4538-9E7C-6467CC565173}.Release|Any CPU.ActiveCfg = Release|Any CPU
		{530C4949-C53D-4538-9E7C-6467CC565173}.Release|Any CPU.Build.0 = Release|Any CPU
		{6B5F46BD-9EC8-428E-9F7F-11292E39596B}.Debug|Any CPU.ActiveCfg = Debug|Any CPU
		{6B5F46BD-9EC8-428E-9F7F-11292E39596B}.Debug|Any CPU.Build.0 = Debug|Any CPU
		{6B5F46BD-9EC8-428E-9F7F-11292E39596B}.Release|Any CPU.ActiveCfg = Release|Any CPU
		{6B5F46BD-9EC8-428E-9F7F-11292E39596B}.Release|Any CPU.Build.0 = Release|Any CPU
		{5F6C873B-B66C-4B61-B167-0C4391655AC4}.Debug|Any CPU.ActiveCfg = Debug|Any CPU
		{5F6C873B-B66C-4B61-B167-0C4391655AC4}.Debug|Any CPU.Build.0 = Debug|Any CPU
		{5F6C873B-B66C-4B61-B167-0C4391655AC4}.Release|Any CPU.ActiveCfg = Release|Any CPU
		{5F6C873B-B66C-4B61-B167-0C4391655AC4}.Release|Any CPU.Build.0 = Release|Any CPU
		{07B26109-61AC-4D3F-BEEF-272B78DE4B65}.Debug|Any CPU.ActiveCfg = Debug|Any CPU
		{07B26109-61AC-4D3F-BEEF-272B78DE4B65}.Debug|Any CPU.Build.0 = Debug|Any CPU
		{07B26109-61AC-4D3F-BEEF-272B78DE4B65}.Release|Any CPU.ActiveCfg = Release|Any CPU
		{07B26109-61AC-4D3F-BEEF-272B78DE4B65}.Release|Any CPU.Build.0 = Release|Any CPU
		{25993286-FD99-4261-802B-C5BBED602449}.Debug|Any CPU.ActiveCfg = Debug|Any CPU
		{25993286-FD99-4261-802B-C5BBED602449}.Debug|Any CPU.Build.0 = Debug|Any CPU
		{25993286-FD99-4261-802B-C5BBED602449}.Release|Any CPU.ActiveCfg = Release|Any CPU
		{25993286-FD99-4261-802B-C5BBED602449}.Release|Any CPU.Build.0 = Release|Any CPU
		{60CE0D11-18F8-46A1-9185-7BAFEE9A405D}.Debug|Any CPU.ActiveCfg = Debug|Any CPU
		{60CE0D11-18F8-46A1-9185-7BAFEE9A405D}.Debug|Any CPU.Build.0 = Debug|Any CPU
		{60CE0D11-18F8-46A1-9185-7BAFEE9A405D}.Release|Any CPU.ActiveCfg = Release|Any CPU
		{60CE0D11-18F8-46A1-9185-7BAFEE9A405D}.Release|Any CPU.Build.0 = Release|Any CPU
		{8EEB371C-BF6A-4D1A-AEEC-3842A3046ACF}.Debug|Any CPU.ActiveCfg = Debug|Any CPU
		{8EEB371C-BF6A-4D1A-AEEC-3842A3046ACF}.Debug|Any CPU.Build.0 = Debug|Any CPU
		{8EEB371C-BF6A-4D1A-AEEC-3842A3046ACF}.Release|Any CPU.ActiveCfg = Release|Any CPU
		{8EEB371C-BF6A-4D1A-AEEC-3842A3046ACF}.Release|Any CPU.Build.0 = Release|Any CPU
		{9287D03E-032C-4E72-B8CF-4104FF9D5EA4}.Debug|Any CPU.ActiveCfg = Debug|Any CPU
		{9287D03E-032C-4E72-B8CF-4104FF9D5EA4}.Debug|Any CPU.Build.0 = Debug|Any CPU
		{9287D03E-032C-4E72-B8CF-4104FF9D5EA4}.Release|Any CPU.ActiveCfg = Release|Any CPU
		{9287D03E-032C-4E72-B8CF-4104FF9D5EA4}.Release|Any CPU.Build.0 = Release|Any CPU
		{43681049-895C-41A6-BF7A-561C72D2BCBC}.Debug|Any CPU.ActiveCfg = Debug|Any CPU
		{43681049-895C-41A6-BF7A-561C72D2BCBC}.Debug|Any CPU.Build.0 = Debug|Any CPU
		{43681049-895C-41A6-BF7A-561C72D2BCBC}.Release|Any CPU.ActiveCfg = Release|Any CPU
		{43681049-895C-41A6-BF7A-561C72D2BCBC}.Release|Any CPU.Build.0 = Release|Any CPU
	EndGlobalSection
	GlobalSection(SolutionProperties) = preSolution
		HideSolutionNode = FALSE
	EndGlobalSection
	GlobalSection(NestedProjects) = preSolution
		{8F3AE2CF-C626-41C8-9D33-B78F01F522B2} = {FC1EECDF-07F8-4048-8593-4EE460EF9D4D}
		{116DAD23-818C-4559-88E6-635333E27540} = {8F3AE2CF-C626-41C8-9D33-B78F01F522B2}
		{EFFD52F3-666F-4D35-A96C-93E4D5AFD2BB} = {8F3AE2CF-C626-41C8-9D33-B78F01F522B2}
		{F8166A1C-5E2D-4BA3-B97D-BDE23A56642F} = {8F3AE2CF-C626-41C8-9D33-B78F01F522B2}
		{43B8609D-5F6F-4817-AE4C-25F23CD32D6A} = {8F3AE2CF-C626-41C8-9D33-B78F01F522B2}
		{772631E1-2C13-4F66-A2A3-A6374107595B} = {8F3AE2CF-C626-41C8-9D33-B78F01F522B2}
		{47E8ED24-5D3C-42DA-9706-E29DE7551695} = {FC1EECDF-07F8-4048-8593-4EE460EF9D4D}
		{A4A7EBA9-CBFF-42E1-8492-F26F20C89BD3} = {47E8ED24-5D3C-42DA-9706-E29DE7551695}
		{EBBDB70C-F092-4F14-843E-0C7EE2BD7683} = {FC1EECDF-07F8-4048-8593-4EE460EF9D4D}
		{A3581A00-EBC0-4BC6-9E74-DA907392ADB7} = {47E8ED24-5D3C-42DA-9706-E29DE7551695}
		{6E7298F3-089D-4A57-9D21-FDAB482715B0} = {47E8ED24-5D3C-42DA-9706-E29DE7551695}
		{C1E50BD4-FA93-4BAA-B642-357D72E0F6BA} = {47E8ED24-5D3C-42DA-9706-E29DE7551695}
		{C633B676-12C7-4FC9-99DC-68DC90D21AD6} = {47E8ED24-5D3C-42DA-9706-E29DE7551695}
		{530C4949-C53D-4538-9E7C-6467CC565173} = {47E8ED24-5D3C-42DA-9706-E29DE7551695}
		{3B127112-E8A2-48A4-A7A6-EAFA478D9284} = {FC1EECDF-07F8-4048-8593-4EE460EF9D4D}
		{6B5F46BD-9EC8-428E-9F7F-11292E39596B} = {3B127112-E8A2-48A4-A7A6-EAFA478D9284}
		{5F6C873B-B66C-4B61-B167-0C4391655AC4} = {3B127112-E8A2-48A4-A7A6-EAFA478D9284}
		{07B26109-61AC-4D3F-BEEF-272B78DE4B65} = {3B127112-E8A2-48A4-A7A6-EAFA478D9284}
		{25993286-FD99-4261-802B-C5BBED602449} = {3B127112-E8A2-48A4-A7A6-EAFA478D9284}
		{60CE0D11-18F8-46A1-9185-7BAFEE9A405D} = {3B127112-E8A2-48A4-A7A6-EAFA478D9284}
		{8EEB371C-BF6A-4D1A-AEEC-3842A3046ACF} = {2701A3B5-1696-409D-A0E1-DD4497BBD2D1}
		{9287D03E-032C-4E72-B8CF-4104FF9D5EA4} = {2701A3B5-1696-409D-A0E1-DD4497BBD2D1}
		{43681049-895C-41A6-BF7A-561C72D2BCBC} = {FC1EECDF-07F8-4048-8593-4EE460EF9D4D}
	EndGlobalSection
	GlobalSection(ExtensibilityGlobals) = postSolution
		SolutionGuid = {B023FCCE-7B07-45E5-B23B-725D55C2AD80}
	EndGlobalSection
EndGlobal
